{
  "name": "my-hacker-news",
  "version": "0.0.1",
  "dependencies": {
    "amdefine": {
      "version": "1.0.0",
      "from": "amdefine@>=0.0.4",
      "resolved": "https://registry.npmjs.org/amdefine/-/amdefine-1.0.0.tgz"
    },
    "asap": {
      "version": "2.0.3",
      "from": "asap@>=2.0.3 <2.1.0",
      "resolved": "https://registry.npmjs.org/asap/-/asap-2.0.3.tgz"
    },
    "base62": {
      "version": "0.1.1",
      "from": "base62@0.1.1",
      "resolved": "https://registry.npmjs.org/base62/-/base62-0.1.1.tgz"
    },
    "bowser": {
      "version": "1.0.0",
      "from": "bowser@>=1.0.0 <2.0.0",
      "resolved": "https://registry.npmjs.org/bowser/-/bowser-1.0.0.tgz"
    },
    "browserslist": {
      "version": "1.0.1",
      "from": "browserslist@>=1.0.1 <2.0.0",
      "resolved": "https://registry.npmjs.org/browserslist/-/browserslist-1.0.1.tgz"
    },
    "caniuse-api": {
      "version": "1.4.1",
      "from": "caniuse-api@>=1.3.2 <2.0.0",
      "resolved": "https://registry.npmjs.org/caniuse-api/-/caniuse-api-1.4.1.tgz"
    },
    "caniuse-db": {
      "version": "1.0.30000383",
      "from": "caniuse-db@>=1.0.30000346 <2.0.0",
      "resolved": "https://registry.npmjs.org/caniuse-db/-/caniuse-db-1.0.30000383.tgz"
    },
    "core-js": {
      "version": "1.2.6",
      "from": "core-js@>=1.0.0 <2.0.0",
      "resolved": "https://registry.npmjs.org/core-js/-/core-js-1.2.6.tgz"
    },
    "envify": {
      "version": "3.4.0",
      "from": "envify@>=3.0.0 <4.0.0",
      "resolved": "https://registry.npmjs.org/envify/-/envify-3.4.0.tgz"
    },
    "esprima-fb": {
      "version": "13001.1001.0-dev-harmony-fb",
      "from": "esprima-fb@13001.1001.0-dev-harmony-fb",
      "resolved": "https://registry.npmjs.org/esprima-fb/-/esprima-fb-13001.1001.0-dev-harmony-fb.tgz"
    },
    "fbjs": {
      "version": "0.6.0",
      "from": "fbjs@>=0.6.0 <0.7.0",
      "resolved": "https://registry.npmjs.org/fbjs/-/fbjs-0.6.0.tgz"
    },
    "inline-style-prefixer": {
      "version": "0.5.4",
      "from": "inline-style-prefixer@>=0.5.2 <0.6.0",
      "resolved": "https://registry.npmjs.org/inline-style-prefixer/-/inline-style-prefixer-0.5.4.tgz"
    },
    "js-tokens": {
      "version": "1.0.2",
      "from": "js-tokens@>=1.0.1 <2.0.0",
      "resolved": "https://registry.npmjs.org/js-tokens/-/js-tokens-1.0.2.tgz"
    },
    "jstransform": {
      "version": "10.1.0",
      "from": "jstransform@>=10.0.1 <11.0.0",
      "resolved": "https://registry.npmjs.org/jstransform/-/jstransform-10.1.0.tgz"
    },
    "lodash._arraycopy": {
      "version": "3.0.0",
      "from": "lodash._arraycopy@>=3.0.0 <4.0.0",
      "resolved": "https://registry.npmjs.org/lodash._arraycopy/-/lodash._arraycopy-3.0.0.tgz"
    },
    "lodash._arrayeach": {
      "version": "3.0.0",
      "from": "lodash._arrayeach@>=3.0.0 <4.0.0",
      "resolved": "https://registry.npmjs.org/lodash._arrayeach/-/lodash._arrayeach-3.0.0.tgz"
    },
    "lodash._basecallback": {
      "version": "3.3.1",
      "from": "lodash._basecallback@>=3.0.0 <4.0.0",
      "resolved": "https://registry.npmjs.org/lodash._basecallback/-/lodash._basecallback-3.3.1.tgz"
    },
    "lodash._basecopy": {
      "version": "3.0.1",
      "from": "lodash._basecopy@>=3.0.0 <4.0.0",
      "resolved": "https://registry.npmjs.org/lodash._basecopy/-/lodash._basecopy-3.0.1.tgz"
    },
    "lodash._basefor": {
      "version": "3.0.2",
      "from": "lodash._basefor@>=3.0.0 <4.0.0",
      "resolved": "https://registry.npmjs.org/lodash._basefor/-/lodash._basefor-3.0.2.tgz"
    },
    "lodash._baseindexof": {
      "version": "3.1.0",
      "from": "lodash._baseindexof@>=3.0.0 <4.0.0",
      "resolved": "https://registry.npmjs.org/lodash._baseindexof/-/lodash._baseindexof-3.1.0.tgz"
    },
    "lodash._baseisequal": {
      "version": "3.0.7",
      "from": "lodash._baseisequal@>=3.0.0 <4.0.0",
      "resolved": "https://registry.npmjs.org/lodash._baseisequal/-/lodash._baseisequal-3.0.7.tgz"
    },
    "lodash._baseuniq": {
      "version": "3.0.3",
      "from": "lodash._baseuniq@>=3.0.0 <4.0.0",
      "resolved": "https://registry.npmjs.org/lodash._baseuniq/-/lodash._baseuniq-3.0.3.tgz"
    },
    "lodash._bindcallback": {
      "version": "3.0.1",
      "from": "lodash._bindcallback@>=3.0.0 <4.0.0",
      "resolved": "https://registry.npmjs.org/lodash._bindcallback/-/lodash._bindcallback-3.0.1.tgz"
    },
    "lodash._cacheindexof": {
      "version": "3.0.2",
      "from": "lodash._cacheindexof@>=3.0.0 <4.0.0",
      "resolved": "https://registry.npmjs.org/lodash._cacheindexof/-/lodash._cacheindexof-3.0.2.tgz"
    },
    "lodash._createassigner": {
      "version": "3.1.1",
      "from": "lodash._createassigner@>=3.0.0 <4.0.0",
      "resolved": "https://registry.npmjs.org/lodash._createassigner/-/lodash._createassigner-3.1.1.tgz"
    },
    "lodash._createcache": {
      "version": "3.1.2",
      "from": "lodash._createcache@>=3.0.0 <4.0.0",
      "resolved": "https://registry.npmjs.org/lodash._createcache/-/lodash._createcache-3.1.2.tgz"
    },
    "lodash._getnative": {
      "version": "3.9.1",
      "from": "lodash._getnative@>=3.0.0 <4.0.0",
      "resolved": "https://registry.npmjs.org/lodash._getnative/-/lodash._getnative-3.9.1.tgz"
    },
    "lodash._isiterateecall": {
      "version": "3.0.9",
      "from": "lodash._isiterateecall@>=3.0.0 <4.0.0",
      "resolved": "https://registry.npmjs.org/lodash._isiterateecall/-/lodash._isiterateecall-3.0.9.tgz"
    },
    "lodash._keyprefix": {
      "version": "2.4.2",
      "from": "lodash._keyprefix@>=2.4.1 <2.5.0",
      "resolved": "https://registry.npmjs.org/lodash._keyprefix/-/lodash._keyprefix-2.4.2.tgz"
    },
    "lodash.debounce": {
      "version": "3.1.1",
      "from": "lodash.debounce@>=3.0.0 <4.0.0",
      "resolved": "https://registry.npmjs.org/lodash.debounce/-/lodash.debounce-3.1.1.tgz"
    },
    "lodash.isarguments": {
      "version": "3.0.4",
      "from": "lodash.isarguments@>=3.0.0 <4.0.0",
      "resolved": "https://registry.npmjs.org/lodash.isarguments/-/lodash.isarguments-3.0.4.tgz"
    },
    "lodash.isarray": {
      "version": "3.0.4",
      "from": "lodash.isarray@>=3.0.0 <4.0.0",
      "resolved": "https://registry.npmjs.org/lodash.isarray/-/lodash.isarray-3.0.4.tgz"
    },
    "lodash.isfunction": {
      "version": "2.4.1",
      "from": "lodash.isfunction@>=2.4.1 <2.5.0",
      "resolved": "https://registry.npmjs.org/lodash.isfunction/-/lodash.isfunction-2.4.1.tgz"
    },
    "lodash.isplainobject": {
      "version": "3.2.0",
      "from": "lodash.isplainobject@>=3.0.0 <4.0.0",
      "resolved": "https://registry.npmjs.org/lodash.isplainobject/-/lodash.isplainobject-3.2.0.tgz"
    },
    "lodash.istypedarray": {
      "version": "3.0.2",
      "from": "lodash.istypedarray@>=3.0.0 <4.0.0",
      "resolved": "https://registry.npmjs.org/lodash.istypedarray/-/lodash.istypedarray-3.0.2.tgz"
    },
    "lodash.keys": {
      "version": "3.1.2",
      "from": "lodash.keys@>=3.0.0 <4.0.0",
      "resolved": "https://registry.npmjs.org/lodash.keys/-/lodash.keys-3.1.2.tgz"
    },
    "lodash.keysin": {
      "version": "3.0.8",
      "from": "lodash.keysin@>=3.0.0 <4.0.0",
      "resolved": "https://registry.npmjs.org/lodash.keysin/-/lodash.keysin-3.0.8.tgz"
    },
    "lodash.memoize": {
      "version": "2.4.1",
      "from": "lodash.memoize@>=2.4.1 <3.0.0",
      "resolved": "https://registry.npmjs.org/lodash.memoize/-/lodash.memoize-2.4.1.tgz"
    },
    "lodash.merge": {
      "version": "3.3.2",
      "from": "lodash.merge@>=3.3.2 <4.0.0",
      "resolved": "https://registry.npmjs.org/lodash.merge/-/lodash.merge-3.3.2.tgz"
    },
    "lodash.pairs": {
      "version": "3.0.1",
      "from": "lodash.pairs@>=3.0.0 <4.0.0",
      "resolved": "https://registry.npmjs.org/lodash.pairs/-/lodash.pairs-3.0.1.tgz"
    },
    "lodash.restparam": {
      "version": "3.6.1",
      "from": "lodash.restparam@>=3.0.0 <4.0.0",
      "resolved": "https://registry.npmjs.org/lodash.restparam/-/lodash.restparam-3.6.1.tgz"
    },
    "lodash.throttle": {
      "version": "3.0.4",
      "from": "lodash.throttle@>=3.0.4 <3.1.0",
      "resolved": "https://registry.npmjs.org/lodash.throttle/-/lodash.throttle-3.0.4.tgz"
    },
    "lodash.toplainobject": {
      "version": "3.0.0",
      "from": "lodash.toplainobject@>=3.0.0 <4.0.0",
      "resolved": "https://registry.npmjs.org/lodash.toplainobject/-/lodash.toplainobject-3.0.0.tgz"
    },
    "lodash.uniq": {
      "version": "3.2.2",
      "from": "lodash.uniq@>=3.1.0 <4.0.0",
      "resolved": "https://registry.npmjs.org/lodash.uniq/-/lodash.uniq-3.2.2.tgz"
    },
    "loose-envify": {
      "version": "1.1.0",
      "from": "loose-envify@>=1.0.0 <2.0.0",
      "resolved": "https://registry.npmjs.org/loose-envify/-/loose-envify-1.1.0.tgz"
    },
    "material-ui": {
      "version": "0.14.0",
      "from": "material-ui@latest",
      "resolved": "https://registry.npmjs.org/material-ui/-/material-ui-0.14.0.tgz"
    },
    "promise": {
      "version": "7.1.1",
      "from": "promise@>=7.0.3 <8.0.0",
      "resolved": "https://registry.npmjs.org/promise/-/promise-7.1.1.tgz"
    },
    "react": {
      "version": "0.14.5",
      "from": "react@latest",
      "resolved": "https://registry.npmjs.org/react/-/react-0.14.5.tgz"
    },
    "react-addons-create-fragment": {
      "version": "0.14.5",
      "from": "react-addons-create-fragment@>=0.14.0 <0.15.0",
      "resolved": "https://registry.npmjs.org/react-addons-create-fragment/-/react-addons-create-fragment-0.14.5.tgz"
    },
    "react-addons-pure-render-mixin": {
      "version": "0.14.5",
      "from": "react-addons-pure-render-mixin@>=0.14.0 <0.15.0",
      "resolved": "https://registry.npmjs.org/react-addons-pure-render-mixin/-/react-addons-pure-render-mixin-0.14.5.tgz"
    },
    "react-addons-transition-group": {
      "version": "0.14.5",
      "from": "react-addons-transition-group@>=0.14.0 <0.15.0",
      "resolved": "https://registry.npmjs.org/react-addons-transition-group/-/react-addons-transition-group-0.14.5.tgz"
    },
    "react-addons-update": {
      "version": "0.14.5",
      "from": "react-addons-update@>=0.14.0 <0.15.0",
      "resolved": "https://registry.npmjs.org/react-addons-update/-/react-addons-update-0.14.5.tgz"
    },
    "react-dom": {
      "version": "0.14.5",
      "from": "react-dom@latest",
      "resolved": "https://registry.npmjs.org/react-dom/-/react-dom-0.14.5.tgz"
    },
    "react-tap-event-plugin": {
      "version": "0.2.1",
      "from": "react-tap-event-plugin@latest",
      "resolved": "https://registry.npmjs.org/react-tap-event-plugin/-/react-tap-event-plugin-0.2.1.tgz",
      "dependencies": {
        "fbjs": {
          "version": "0.2.1",
          "from": "fbjs@>=0.2.1 <0.3.0",
          "resolved": "https://registry.npmjs.org/fbjs/-/fbjs-0.2.1.tgz"
        }
      }
    },
    "shelljs": {
      "version": "0.5.3",
      "from": "shelljs@>=0.5.3 <0.6.0",
      "resolved": "https://registry.npmjs.org/shelljs/-/shelljs-0.5.3.tgz"
    },
    "source-map": {
      "version": "0.1.31",
      "from": "source-map@0.1.31",
      "resolved": "https://registry.npmjs.org/source-map/-/source-map-0.1.31.tgz"
    },
    "through": {
      "version": "2.3.8",
      "from": "through@>=2.3.4 <2.4.0",
      "resolved": "https://registry.npmjs.org/through/-/through-2.3.8.tgz"
    },
    "ua-parser-js": {
      "version": "0.7.10",
      "from": "ua-parser-js@>=0.7.9 <0.8.0",
      "resolved": "https://registry.npmjs.org/ua-parser-js/-/ua-parser-js-0.7.10.tgz"
    },
    "warning": {
      "version": "2.1.0",
      "from": "warning@>=2.1.0 <3.0.0",
      "resolved": "https://registry.npmjs.org/warning/-/warning-2.1.0.tgz"
    },
    "whatwg-fetch": {
      "version": "0.9.0",
      "from": "whatwg-fetch@>=0.9.0 <0.10.0",
      "resolved": "https://registry.npmjs.org/whatwg-fetch/-/whatwg-fetch-0.9.0.tgz"
    }
  }
}
